
Microsoft Visual Studio Solution File, Format Version 12.00
# Visual Studio Version 16
VisualStudioVersion = 16.0.29613.14
MinimumVisualStudioVersion = 10.0.40219.1
Project("{FAE04EC0-301F-11D3-BF4B-00C04F79EFBC}") = "RaptorLibrary", "RaptorLibrary\RaptorLibrary.csproj", "{9179A004-3884-4139-85F8-62E96ABFE1EA}"
EndProject
Global
	GlobalSection(SolutionConfigurationPlatforms) = preSolution
		Debug|Any CPU = Debug|Any CPU
		Release|Any CPU = Release|Any CPU
	EndGlobalSection
	GlobalSection(ProjectConfigurationPlatforms) = postSolution
		{9179A004-3884-4139-85F8-62E96ABFE1EA}.Debug|Any CPU.ActiveCfg = Release|Any CPU
		{9179A004-3884-4139-85F8-62E96ABFE1EA}.Debug|Any CPU.Build.0 = Release|Any CPU
		{9179A004-3884-4139-85F8-62E96ABFE1EA}.Release|Any CPU.ActiveCfg = Release|Any CPU
		{9179A004-3884-4139-85F8-62E96ABFE1EA}.Release|Any CPU.Build.0 = Release|Any CPU
	EndGlobalSection
	GlobalSection(SolutionProperties) = preSolution
		HideSolutionNode = FALSE
	EndGlobalSection
	GlobalSection(ExtensibilityGlobals) = postSolution
		SolutionGuid = {3B2E82A7-42F9-4884-A5BA-B821F03787DF}
	EndGlobalSection
EndGlobal
